
Microsoft Visual Studio Solution File, Format Version 12.00
# Visual Studio Version 17
VisualStudioVersion = 17.0.31903.59
MinimumVisualStudioVersion = 10.0.40219.1
Project("{2150E333-8FDC-42A3-9474-1A3956D46DE8}") = "Services", "Services", "{02EA681E-C7D8-13C7-8484-4AC65E1B71E8}"
EndProject
Project("{2150E333-8FDC-42A3-9474-1A3956D46DE8}") = "Catalog", "Catalog", "{B73C6C8E-4187-4A78-9E36-377CF6615A6E}"
EndProject
Project("{2150E333-8FDC-42A3-9474-1A3956D46DE8}") = "Basket", "Basket", "{C0B2FF10-284C-4517-850C-50818553A47F}"
EndProject
Project("{2150E333-8FDC-42A3-9474-1A3956D46DE8}") = "Discount", "Discount", "{67BBA985-240B-4BE3-93DD-75F7BF8D464B}"
EndProject
Project("{FAE04EC0-301F-11D3-BF4B-00C04F79EFBC}") = "Microstore.Services.CatalogApi", "Services\Catalog\Microstore.Services.CatalogApi\Microstore.Services.CatalogApi.csproj", "{982BC9DF-81BF-4136-A0FF-C939AEF4A1BC}"
EndProject
Project("{2150E333-8FDC-42A3-9474-1A3956D46DE8}") = "Ordering", "Ordering", "{4BB081C7-CFE5-428D-95BB-4DF68AE11EFA}"
EndProject
Project("{2150E333-8FDC-42A3-9474-1A3956D46DE8}") = "WebApps", "WebApps", "{1A2E6361-9205-43FC-8922-29296146F2CF}"
EndProject
Project("{2150E333-8FDC-42A3-9474-1A3956D46DE8}") = "ApiGateways", "ApiGateways", "{FFB9172A-2AD6-4C07-8CC9-013AD58126D5}"
EndProject
Project("{2150E333-8FDC-42A3-9474-1A3956D46DE8}") = "BuildingBlocks", "BuildingBlocks", "{508CDB6B-EB48-4904-B293-66A44965CCEA}"
EndProject
Project("{FAE04EC0-301F-11D3-BF4B-00C04F79EFBC}") = "BuildingBlocks", "BuildingBlocks\BuildingBlocks\BuildingBlocks.csproj", "{68113DB0-F59D-45EC-8FAE-B020F8B5B59A}"
EndProject
Project("{E53339B2-1760-4266-BCC7-CA923CBCF16C}") = "docker-compose", "docker-compose.dcproj", "{81DDED9D-158B-E303-5F62-77A2896D2A5A}"
EndProject
Project("{FAE04EC0-301F-11D3-BF4B-00C04F79EFBC}") = "Microstore.Service.BasketApi", "services\Basket\Microstore.Service.BasketApi\Microstore.Service.BasketApi.csproj", "{EA8B657B-BDBF-4BBD-AAE4-D72DB5DC9BDE}"
EndProject
Global
	GlobalSection(SolutionConfigurationPlatforms) = preSolution
		Debug|Any CPU = Debug|Any CPU
		Release|Any CPU = Release|Any CPU
	EndGlobalSection
	GlobalSection(ProjectConfigurationPlatforms) = postSolution
		{982BC9DF-81BF-4136-A0FF-C939AEF4A1BC}.Debug|Any CPU.ActiveCfg = Debug|Any CPU
		{982BC9DF-81BF-4136-A0FF-C939AEF4A1BC}.Debug|Any CPU.Build.0 = Debug|Any CPU
		{982BC9DF-81BF-4136-A0FF-C939AEF4A1BC}.Release|Any CPU.ActiveCfg = Release|Any CPU
		{982BC9DF-81BF-4136-A0FF-C939AEF4A1BC}.Release|Any CPU.Build.0 = Release|Any CPU
		{68113DB0-F59D-45EC-8FAE-B020F8B5B59A}.Debug|Any CPU.ActiveCfg = Debug|Any CPU
		{68113DB0-F59D-45EC-8FAE-B020F8B5B59A}.Debug|Any CPU.Build.0 = Debug|Any CPU
		{68113DB0-F59D-45EC-8FAE-B020F8B5B59A}.Release|Any CPU.ActiveCfg = Release|Any CPU
		{68113DB0-F59D-45EC-8FAE-B020F8B5B59A}.Release|Any CPU.Build.0 = Release|Any CPU
		{81DDED9D-158B-E303-5F62-77A2896D2A5A}.Debug|Any CPU.ActiveCfg = Debug|Any CPU
		{81DDED9D-158B-E303-5F62-77A2896D2A5A}.Debug|Any CPU.Build.0 = Debug|Any CPU
		{81DDED9D-158B-E303-5F62-77A2896D2A5A}.Release|Any CPU.ActiveCfg = Release|Any CPU
		{81DDED9D-158B-E303-5F62-77A2896D2A5A}.Release|Any CPU.Build.0 = Release|Any CPU
		{EA8B657B-BDBF-4BBD-AAE4-D72DB5DC9BDE}.Debug|Any CPU.ActiveCfg = Debug|Any CPU
		{EA8B657B-BDBF-4BBD-AAE4-D72DB5DC9BDE}.Debug|Any CPU.Build.0 = Debug|Any CPU
		{EA8B657B-BDBF-4BBD-AAE4-D72DB5DC9BDE}.Release|Any CPU.ActiveCfg = Release|Any CPU
		{EA8B657B-BDBF-4BBD-AAE4-D72DB5DC9BDE}.Release|Any CPU.Build.0 = Release|Any CPU
	EndGlobalSection
	GlobalSection(SolutionProperties) = preSolution
		HideSolutionNode = FALSE
	EndGlobalSection
	GlobalSection(NestedProjects) = preSolution
		{B73C6C8E-4187-4A78-9E36-377CF6615A6E} = {02EA681E-C7D8-13C7-8484-4AC65E1B71E8}
		{C0B2FF10-284C-4517-850C-50818553A47F} = {02EA681E-C7D8-13C7-8484-4AC65E1B71E8}
		{67BBA985-240B-4BE3-93DD-75F7BF8D464B} = {02EA681E-C7D8-13C7-8484-4AC65E1B71E8}
		{982BC9DF-81BF-4136-A0FF-C939AEF4A1BC} = {B73C6C8E-4187-4A78-9E36-377CF6615A6E}
		{4BB081C7-CFE5-428D-95BB-4DF68AE11EFA} = {02EA681E-C7D8-13C7-8484-4AC65E1B71E8}
		{68113DB0-F59D-45EC-8FAE-B020F8B5B59A} = {508CDB6B-EB48-4904-B293-66A44965CCEA}
		{EA8B657B-BDBF-4BBD-AAE4-D72DB5DC9BDE} = {C0B2FF10-284C-4517-850C-50818553A47F}
	EndGlobalSection
	GlobalSection(ExtensibilityGlobals) = postSolution
		SolutionGuid = {525727D6-D650-402D-87E4-1C15B4A62212}
	EndGlobalSection
EndGlobal
